
Microsoft Visual Studio Solution File, Format Version 12.00
# Visual Studio 15
VisualStudioVersion = 15.0.27703.2035
MinimumVisualStudioVersion = 10.0.40219.1
Project("{FAE04EC0-301F-11D3-BF4B-00C04F79EFBC}") = "Day1", "Day1\Day1.csproj", "{7F1E607C-C4CD-4834-A7E7-3CFD9E384183}"
EndProject
Project("{FAE04EC0-301F-11D3-BF4B-00C04F79EFBC}") = "Day2", "Day2\Day2.csproj", "{11939EC9-D110-4743-BDB5-AF4E6E00FCC7}"
EndProject
Project("{FAE04EC0-301F-11D3-BF4B-00C04F79EFBC}") = "GeneralUsage", "GeneralUsage\GeneralUsage.csproj", "{4FB1427C-E62A-467D-9899-E480BD21F9A0}"
EndProject
Project("{FAE04EC0-301F-11D3-BF4B-00C04F79EFBC}") = "Day3", "Day3\Day3.csproj", "{35D2EDB0-CDB8-4F5E-A10A-F5B99BE550FC}"
EndProject
Project("{FAE04EC0-301F-11D3-BF4B-00C04F79EFBC}") = "Day4", "Day4\Day4.csproj", "{A9DB2271-ED04-4CC1-A1B2-BA05FD8B947E}"
EndProject
Project("{FAE04EC0-301F-11D3-BF4B-00C04F79EFBC}") = "Day5", "Day5\Day5.csproj", "{542914BE-C380-4F4D-B77D-3782F83B0549}"
EndProject
Project("{FAE04EC0-301F-11D3-BF4B-00C04F79EFBC}") = "Day6", "Day6\Day6.csproj", "{CE0D36AA-2A08-4EDD-A584-C5A7516D688D}"
EndProject
Global
	GlobalSection(SolutionConfigurationPlatforms) = preSolution
		Debug|Any CPU = Debug|Any CPU
		Release|Any CPU = Release|Any CPU
	EndGlobalSection
	GlobalSection(ProjectConfigurationPlatforms) = postSolution
		{7F1E607C-C4CD-4834-A7E7-3CFD9E384183}.Debug|Any CPU.ActiveCfg = Debug|Any CPU
		{7F1E607C-C4CD-4834-A7E7-3CFD9E384183}.Debug|Any CPU.Build.0 = Debug|Any CPU
		{7F1E607C-C4CD-4834-A7E7-3CFD9E384183}.Release|Any CPU.ActiveCfg = Release|Any CPU
		{7F1E607C-C4CD-4834-A7E7-3CFD9E384183}.Release|Any CPU.Build.0 = Release|Any CPU
		{11939EC9-D110-4743-BDB5-AF4E6E00FCC7}.Debug|Any CPU.ActiveCfg = Debug|Any CPU
		{11939EC9-D110-4743-BDB5-AF4E6E00FCC7}.Debug|Any CPU.Build.0 = Debug|Any CPU
		{11939EC9-D110-4743-BDB5-AF4E6E00FCC7}.Release|Any CPU.ActiveCfg = Release|Any CPU
		{11939EC9-D110-4743-BDB5-AF4E6E00FCC7}.Release|Any CPU.Build.0 = Release|Any CPU
		{4FB1427C-E62A-467D-9899-E480BD21F9A0}.Debug|Any CPU.ActiveCfg = Debug|Any CPU
		{4FB1427C-E62A-467D-9899-E480BD21F9A0}.Debug|Any CPU.Build.0 = Debug|Any CPU
		{4FB1427C-E62A-467D-9899-E480BD21F9A0}.Release|Any CPU.ActiveCfg = Release|Any CPU
		{4FB1427C-E62A-467D-9899-E480BD21F9A0}.Release|Any CPU.Build.0 = Release|Any CPU
		{35D2EDB0-CDB8-4F5E-A10A-F5B99BE550FC}.Debug|Any CPU.ActiveCfg = Debug|Any CPU
		{35D2EDB0-CDB8-4F5E-A10A-F5B99BE550FC}.Debug|Any CPU.Build.0 = Debug|Any CPU
		{35D2EDB0-CDB8-4F5E-A10A-F5B99BE550FC}.Release|Any CPU.ActiveCfg = Release|Any CPU
		{35D2EDB0-CDB8-4F5E-A10A-F5B99BE550FC}.Release|Any CPU.Build.0 = Release|Any CPU
		{A9DB2271-ED04-4CC1-A1B2-BA05FD8B947E}.Debug|Any CPU.ActiveCfg = Debug|Any CPU
		{A9DB2271-ED04-4CC1-A1B2-BA05FD8B947E}.Debug|Any CPU.Build.0 = Debug|Any CPU
		{A9DB2271-ED04-4CC1-A1B2-BA05FD8B947E}.Release|Any CPU.ActiveCfg = Release|Any CPU
		{A9DB2271-ED04-4CC1-A1B2-BA05FD8B947E}.Release|Any CPU.Build.0 = Release|Any CPU
		{542914BE-C380-4F4D-B77D-3782F83B0549}.Debug|Any CPU.ActiveCfg = Debug|Any CPU
		{542914BE-C380-4F4D-B77D-3782F83B0549}.Debug|Any CPU.Build.0 = Debug|Any CPU
		{542914BE-C380-4F4D-B77D-3782F83B0549}.Release|Any CPU.ActiveCfg = Release|Any CPU
		{542914BE-C380-4F4D-B77D-3782F83B0549}.Release|Any CPU.Build.0 = Release|Any CPU
		{CE0D36AA-2A08-4EDD-A584-C5A7516D688D}.Debug|Any CPU.ActiveCfg = Debug|Any CPU
		{CE0D36AA-2A08-4EDD-A584-C5A7516D688D}.Debug|Any CPU.Build.0 = Debug|Any CPU
		{CE0D36AA-2A08-4EDD-A584-C5A7516D688D}.Release|Any CPU.ActiveCfg = Release|Any CPU
		{CE0D36AA-2A08-4EDD-A584-C5A7516D688D}.Release|Any CPU.Build.0 = Release|Any CPU
	EndGlobalSection
	GlobalSection(SolutionProperties) = preSolution
		HideSolutionNode = FALSE
	EndGlobalSection
	GlobalSection(ExtensibilityGlobals) = postSolution
		SolutionGuid = {6D6F7D9D-FA23-4675-A6F3-4C52FE91A0A3}
	EndGlobalSection
EndGlobal
